
Microsoft Visual Studio Solution File, Format Version 12.00
# Visual Studio 14
VisualStudioVersion = 14.0.25420.1
MinimumVisualStudioVersion = 10.0.40219.1
Project("{FAE04EC0-301F-11D3-BF4B-00C04F79EFBC}") = "Dvd_MvcCodeFirst", "Dvd_MvcCodeFirst\Dvd_MvcCodeFirst.csproj", "{143D2318-2F83-4297-9703-639E88376A32}"
EndProject
Global
	GlobalSection(SolutionConfigurationPlatforms) = preSolution
		Debug|Any CPU = Debug|Any CPU
		Release|Any CPU = Release|Any CPU
	EndGlobalSection
	GlobalSection(ProjectConfigurationPlatforms) = postSolution
		{143D2318-2F83-4297-9703-639E88376A32}.Debug|Any CPU.ActiveCfg = Debug|Any CPU
		{143D2318-2F83-4297-9703-639E88376A32}.Debug|Any CPU.Build.0 = Debug|Any CPU
		{143D2318-2F83-4297-9703-639E88376A32}.Release|Any CPU.ActiveCfg = Release|Any CPU
		{143D2318-2F83-4297-9703-639E88376A32}.Release|Any CPU.Build.0 = Release|Any CPU
	EndGlobalSection
	GlobalSection(SolutionProperties) = preSolution
		HideSolutionNode = FALSE
	EndGlobalSection
EndGlobal
